
Microsoft Visual Studio Solution File, Format Version 12.00
# Visual Studio Version 16
VisualStudioVersion = 16.0.30413.136
MinimumVisualStudioVersion = 10.0.40219.1
Project("{9A19103F-16F7-4668-BE54-9A1E7A4F7556}") = "CST247CLC", "CST247CLC.csproj", "{A67CAE9E-8F94-40EF-961C-975BD7674D9C}"
EndProject
Global
	GlobalSection(SolutionConfigurationPlatforms) = preSolution
		Debug|Any CPU = Debug|Any CPU
		Release|Any CPU = Release|Any CPU
	EndGlobalSection
	GlobalSection(ProjectConfigurationPlatforms) = postSolution
		{A67CAE9E-8F94-40EF-961C-975BD7674D9C}.Debug|Any CPU.ActiveCfg = Debug|Any CPU
		{A67CAE9E-8F94-40EF-961C-975BD7674D9C}.Debug|Any CPU.Build.0 = Debug|Any CPU
		{A67CAE9E-8F94-40EF-961C-975BD7674D9C}.Release|Any CPU.ActiveCfg = Release|Any CPU
		{A67CAE9E-8F94-40EF-961C-975BD7674D9C}.Release|Any CPU.Build.0 = Release|Any CPU
	EndGlobalSection
	GlobalSection(SolutionProperties) = preSolution
		HideSolutionNode = FALSE
	EndGlobalSection
	GlobalSection(ExtensibilityGlobals) = postSolution
		SolutionGuid = {1B82DC77-BF89-4BDD-9CE7-1E8B5B38DED2}
	EndGlobalSection
EndGlobal
